
Microsoft Visual Studio Solution File, Format Version 12.00
# Visual Studio 2013
VisualStudioVersion = 12.0.31101.0
MinimumVisualStudioVersion = 10.0.40219.1
Project("{FAE04EC0-301F-11D3-BF4B-00C04F79EFBC}") = "Exercise7_1", "Exercise7_1\Exercise7_1.csproj", "{7F9D1C57-C0C0-4A0D-BE13-8389ADF77AAC}"
EndProject
Project("{FAE04EC0-301F-11D3-BF4B-00C04F79EFBC}") = "Exercise7_2", "Exercise7_2\Exercise7_2.csproj", "{6DFFF78F-B176-4B2A-B55B-8A053331C35A}"
EndProject
Project("{FAE04EC0-301F-11D3-BF4B-00C04F79EFBC}") = "Exercise7_3", "Exercise7_3\Exercise7_3.csproj", "{C730F5F8-EF1F-4E38-AC39-1E61B4EF064C}"
EndProject
Project("{FAE04EC0-301F-11D3-BF4B-00C04F79EFBC}") = "Exercise7_4", "Exercise7_4\Exercise7_4.csproj", "{A94E62E3-D20E-48F1-8A44-83D89092D010}"
EndProject
Project("{FAE04EC0-301F-11D3-BF4B-00C04F79EFBC}") = "Exercise11_1", "Exercise11_1\Exercise11_1.csproj", "{2C12AB00-AE4C-4A7A-BB7C-8AD17324C12D}"
EndProject
Project("{FAE04EC0-301F-11D3-BF4B-00C04F79EFBC}") = "Exercise11_4", "Exercise11_4\Exercise11_4.csproj", "{F665369A-A4FD-45CE-85A3-210D31CB0B8A}"
EndProject
Project("{FAE04EC0-301F-11D3-BF4B-00C04F79EFBC}") = "Exercise12_3", "Exercise12_3\Exercise12_3.csproj", "{5CD10C9F-A471-47A8-BB7E-853DAEDDDF8E}"
EndProject
Project("{FAE04EC0-301F-11D3-BF4B-00C04F79EFBC}") = "Exercise12_4", "Exercise12_4\Exercise12_4.csproj", "{BEB63356-8D74-4100-A11C-C14ED42F1B91}"
EndProject
Project("{FAE04EC0-301F-11D3-BF4B-00C04F79EFBC}") = "Exercise13", "Exercise13\Exercise13.csproj", "{8CCE8FA4-9A28-47C6-AADC-60CC71A4335B}"
EndProject
Project("{FAE04EC0-301F-11D3-BF4B-00C04F79EFBC}") = "Exercise14", "Exercise14\Exercise14.csproj", "{BB5CC357-9B1E-46AE-9C13-956CB764C9F8}"
EndProject
Project("{FAE04EC0-301F-11D3-BF4B-00C04F79EFBC}") = "Exercise15", "Exercise15\Exercise15.csproj", "{0F8CDA37-013E-4BF2-9F3F-DC1DBEE5F337}"
EndProject
Project("{FAE04EC0-301F-11D3-BF4B-00C04F79EFBC}") = "Exercise16_1", "Exercise16_1\Exercise16_1.csproj", "{EECE2E3D-EC3B-475D-9D6B-64806BDA406F}"
EndProject
Project("{FAE04EC0-301F-11D3-BF4B-00C04F79EFBC}") = "Exercise16_2", "Exercise16_2\Exercise16_2.csproj", "{7CD53D14-905F-4104-B012-637925EA62A1}"
EndProject
Project("{FAE04EC0-301F-11D3-BF4B-00C04F79EFBC}") = "Exercise16_3", "Exercise16_3\Exercise16_3.csproj", "{D704C047-CE30-4501-B015-8C0A5E32D0D8}"
EndProject
Project("{FAE04EC0-301F-11D3-BF4B-00C04F79EFBC}") = "Exercise16_4", "Exercise16_4\Exercise16_4.csproj", "{4691663C-E8C8-4594-8789-16BAE993BD70}"
EndProject
Global
	GlobalSection(SolutionConfigurationPlatforms) = preSolution
		Debug|Any CPU = Debug|Any CPU
		Release|Any CPU = Release|Any CPU
	EndGlobalSection
	GlobalSection(ProjectConfigurationPlatforms) = postSolution
		{7F9D1C57-C0C0-4A0D-BE13-8389ADF77AAC}.Debug|Any CPU.ActiveCfg = Debug|Any CPU
		{7F9D1C57-C0C0-4A0D-BE13-8389ADF77AAC}.Debug|Any CPU.Build.0 = Debug|Any CPU
		{7F9D1C57-C0C0-4A0D-BE13-8389ADF77AAC}.Release|Any CPU.ActiveCfg = Release|Any CPU
		{7F9D1C57-C0C0-4A0D-BE13-8389ADF77AAC}.Release|Any CPU.Build.0 = Release|Any CPU
		{6DFFF78F-B176-4B2A-B55B-8A053331C35A}.Debug|Any CPU.ActiveCfg = Debug|Any CPU
		{6DFFF78F-B176-4B2A-B55B-8A053331C35A}.Debug|Any CPU.Build.0 = Debug|Any CPU
		{6DFFF78F-B176-4B2A-B55B-8A053331C35A}.Release|Any CPU.ActiveCfg = Release|Any CPU
		{6DFFF78F-B176-4B2A-B55B-8A053331C35A}.Release|Any CPU.Build.0 = Release|Any CPU
		{C730F5F8-EF1F-4E38-AC39-1E61B4EF064C}.Debug|Any CPU.ActiveCfg = Debug|Any CPU
		{C730F5F8-EF1F-4E38-AC39-1E61B4EF064C}.Debug|Any CPU.Build.0 = Debug|Any CPU
		{C730F5F8-EF1F-4E38-AC39-1E61B4EF064C}.Release|Any CPU.ActiveCfg = Release|Any CPU
		{C730F5F8-EF1F-4E38-AC39-1E61B4EF064C}.Release|Any CPU.Build.0 = Release|Any CPU
		{A94E62E3-D20E-48F1-8A44-83D89092D010}.Debug|Any CPU.ActiveCfg = Debug|Any CPU
		{A94E62E3-D20E-48F1-8A44-83D89092D010}.Debug|Any CPU.Build.0 = Debug|Any CPU
		{A94E62E3-D20E-48F1-8A44-83D89092D010}.Release|Any CPU.ActiveCfg = Release|Any CPU
		{A94E62E3-D20E-48F1-8A44-83D89092D010}.Release|Any CPU.Build.0 = Release|Any CPU
		{2C12AB00-AE4C-4A7A-BB7C-8AD17324C12D}.Debug|Any CPU.ActiveCfg = Debug|Any CPU
		{2C12AB00-AE4C-4A7A-BB7C-8AD17324C12D}.Debug|Any CPU.Build.0 = Debug|Any CPU
		{2C12AB00-AE4C-4A7A-BB7C-8AD17324C12D}.Release|Any CPU.ActiveCfg = Release|Any CPU
		{2C12AB00-AE4C-4A7A-BB7C-8AD17324C12D}.Release|Any CPU.Build.0 = Release|Any CPU
		{F665369A-A4FD-45CE-85A3-210D31CB0B8A}.Debug|Any CPU.ActiveCfg = Debug|Any CPU
		{F665369A-A4FD-45CE-85A3-210D31CB0B8A}.Debug|Any CPU.Build.0 = Debug|Any CPU
		{F665369A-A4FD-45CE-85A3-210D31CB0B8A}.Release|Any CPU.ActiveCfg = Release|Any CPU
		{F665369A-A4FD-45CE-85A3-210D31CB0B8A}.Release|Any CPU.Build.0 = Release|Any CPU
		{5CD10C9F-A471-47A8-BB7E-853DAEDDDF8E}.Debug|Any CPU.ActiveCfg = Debug|Any CPU
		{5CD10C9F-A471-47A8-BB7E-853DAEDDDF8E}.Debug|Any CPU.Build.0 = Debug|Any CPU
		{5CD10C9F-A471-47A8-BB7E-853DAEDDDF8E}.Release|Any CPU.ActiveCfg = Release|Any CPU
		{5CD10C9F-A471-47A8-BB7E-853DAEDDDF8E}.Release|Any CPU.Build.0 = Release|Any CPU
		{BEB63356-8D74-4100-A11C-C14ED42F1B91}.Debug|Any CPU.ActiveCfg = Debug|Any CPU
		{BEB63356-8D74-4100-A11C-C14ED42F1B91}.Debug|Any CPU.Build.0 = Debug|Any CPU
		{BEB63356-8D74-4100-A11C-C14ED42F1B91}.Release|Any CPU.ActiveCfg = Release|Any CPU
		{BEB63356-8D74-4100-A11C-C14ED42F1B91}.Release|Any CPU.Build.0 = Release|Any CPU
		{8CCE8FA4-9A28-47C6-AADC-60CC71A4335B}.Debug|Any CPU.ActiveCfg = Debug|Any CPU
		{8CCE8FA4-9A28-47C6-AADC-60CC71A4335B}.Debug|Any CPU.Build.0 = Debug|Any CPU
		{8CCE8FA4-9A28-47C6-AADC-60CC71A4335B}.Release|Any CPU.ActiveCfg = Release|Any CPU
		{8CCE8FA4-9A28-47C6-AADC-60CC71A4335B}.Release|Any CPU.Build.0 = Release|Any CPU
		{BB5CC357-9B1E-46AE-9C13-956CB764C9F8}.Debug|Any CPU.ActiveCfg = Debug|Any CPU
		{BB5CC357-9B1E-46AE-9C13-956CB764C9F8}.Debug|Any CPU.Build.0 = Debug|Any CPU
		{BB5CC357-9B1E-46AE-9C13-956CB764C9F8}.Release|Any CPU.ActiveCfg = Release|Any CPU
		{BB5CC357-9B1E-46AE-9C13-956CB764C9F8}.Release|Any CPU.Build.0 = Release|Any CPU
		{0F8CDA37-013E-4BF2-9F3F-DC1DBEE5F337}.Debug|Any CPU.ActiveCfg = Debug|Any CPU
		{0F8CDA37-013E-4BF2-9F3F-DC1DBEE5F337}.Debug|Any CPU.Build.0 = Debug|Any CPU
		{0F8CDA37-013E-4BF2-9F3F-DC1DBEE5F337}.Release|Any CPU.ActiveCfg = Release|Any CPU
		{0F8CDA37-013E-4BF2-9F3F-DC1DBEE5F337}.Release|Any CPU.Build.0 = Release|Any CPU
		{EECE2E3D-EC3B-475D-9D6B-64806BDA406F}.Debug|Any CPU.ActiveCfg = Debug|Any CPU
		{EECE2E3D-EC3B-475D-9D6B-64806BDA406F}.Debug|Any CPU.Build.0 = Debug|Any CPU
		{EECE2E3D-EC3B-475D-9D6B-64806BDA406F}.Release|Any CPU.ActiveCfg = Release|Any CPU
		{EECE2E3D-EC3B-475D-9D6B-64806BDA406F}.Release|Any CPU.Build.0 = Release|Any CPU
		{7CD53D14-905F-4104-B012-637925EA62A1}.Debug|Any CPU.ActiveCfg = Debug|Any CPU
		{7CD53D14-905F-4104-B012-637925EA62A1}.Debug|Any CPU.Build.0 = Debug|Any CPU
		{7CD53D14-905F-4104-B012-637925EA62A1}.Release|Any CPU.ActiveCfg = Release|Any CPU
		{7CD53D14-905F-4104-B012-637925EA62A1}.Release|Any CPU.Build.0 = Release|Any CPU
		{D704C047-CE30-4501-B015-8C0A5E32D0D8}.Debug|Any CPU.ActiveCfg = Debug|Any CPU
		{D704C047-CE30-4501-B015-8C0A5E32D0D8}.Debug|Any CPU.Build.0 = Debug|Any CPU
		{D704C047-CE30-4501-B015-8C0A5E32D0D8}.Release|Any CPU.ActiveCfg = Release|Any CPU
		{D704C047-CE30-4501-B015-8C0A5E32D0D8}.Release|Any CPU.Build.0 = Release|Any CPU
		{4691663C-E8C8-4594-8789-16BAE993BD70}.Debug|Any CPU.ActiveCfg = Debug|Any CPU
		{4691663C-E8C8-4594-8789-16BAE993BD70}.Debug|Any CPU.Build.0 = Debug|Any CPU
		{4691663C-E8C8-4594-8789-16BAE993BD70}.Release|Any CPU.ActiveCfg = Release|Any CPU
		{4691663C-E8C8-4594-8789-16BAE993BD70}.Release|Any CPU.Build.0 = Release|Any CPU
	EndGlobalSection
	GlobalSection(SolutionProperties) = preSolution
		HideSolutionNode = FALSE
	EndGlobalSection
EndGlobal
